
Microsoft Visual Studio Solution File, Format Version 12.00
# Visual Studio Version 16
VisualStudioVersion = 16.0.32228.343
MinimumVisualStudioVersion = 10.0.40219.1
Project("{FAE04EC0-301F-11D3-BF4B-00C04F79EFBC}") = "Bank Management System", "Bank Management System.csproj", "{57738714-E9AB-4940-A3BC-85783FA8331F}"
EndProject
Global
	GlobalSection(SolutionConfigurationPlatforms) = preSolution
		Debug|Any CPU = Debug|Any CPU
		Release|Any CPU = Release|Any CPU
	EndGlobalSection
	GlobalSection(ProjectConfigurationPlatforms) = postSolution
		{57738714-E9AB-4940-A3BC-85783FA8331F}.Debug|Any CPU.ActiveCfg = Debug|Any CPU
		{57738714-E9AB-4940-A3BC-85783FA8331F}.Debug|Any CPU.Build.0 = Debug|Any CPU
		{57738714-E9AB-4940-A3BC-85783FA8331F}.Release|Any CPU.ActiveCfg = Release|Any CPU
		{57738714-E9AB-4940-A3BC-85783FA8331F}.Release|Any CPU.Build.0 = Release|Any CPU
	EndGlobalSection
	GlobalSection(SolutionProperties) = preSolution
		HideSolutionNode = FALSE
	EndGlobalSection
	GlobalSection(ExtensibilityGlobals) = postSolution
		SolutionGuid = {40F3CD69-00E8-4191-A4A6-282AA85F118C}
	EndGlobalSection
EndGlobal
